
Microsoft Visual Studio Solution File, Format Version 12.00
# Visual Studio 15
VisualStudioVersion = 15.0.26124.0
MinimumVisualStudioVersion = 15.0.26124.0
Project("{FAE04EC0-301F-11D3-BF4B-00C04F79EFBC}") = "Domain", "Domain\Domain.csproj", "{F4F0BC4C-E601-4B15-9392-7B86EE2A650E}"
EndProject
Project("{FAE04EC0-301F-11D3-BF4B-00C04F79EFBC}") = "Application", "Application\Application.csproj", "{66454C5C-ED3B-40F1-8CC4-42535D118983}"
EndProject
Project("{FAE04EC0-301F-11D3-BF4B-00C04F79EFBC}") = "Persistence", "Persistence\Persistence.csproj", "{7DCB2A2C-7157-4841-A302-32D09CFAEDDB}"
EndProject
Project("{FAE04EC0-301F-11D3-BF4B-00C04F79EFBC}") = "API", "API\API.csproj", "{6A84DD94-43EE-490C-991E-4B9D07CB7C19}"
EndProject
Global
	GlobalSection(SolutionConfigurationPlatforms) = preSolution
		Debug|Any CPU = Debug|Any CPU
		Debug|x64 = Debug|x64
		Debug|x86 = Debug|x86
		Release|Any CPU = Release|Any CPU
		Release|x64 = Release|x64
		Release|x86 = Release|x86
	EndGlobalSection
	GlobalSection(SolutionProperties) = preSolution
		HideSolutionNode = FALSE
	EndGlobalSection
	GlobalSection(ProjectConfigurationPlatforms) = postSolution
		{F4F0BC4C-E601-4B15-9392-7B86EE2A650E}.Debug|Any CPU.ActiveCfg = Debug|Any CPU
		{F4F0BC4C-E601-4B15-9392-7B86EE2A650E}.Debug|Any CPU.Build.0 = Debug|Any CPU
		{F4F0BC4C-E601-4B15-9392-7B86EE2A650E}.Debug|x64.ActiveCfg = Debug|Any CPU
		{F4F0BC4C-E601-4B15-9392-7B86EE2A650E}.Debug|x64.Build.0 = Debug|Any CPU
		{F4F0BC4C-E601-4B15-9392-7B86EE2A650E}.Debug|x86.ActiveCfg = Debug|Any CPU
		{F4F0BC4C-E601-4B15-9392-7B86EE2A650E}.Debug|x86.Build.0 = Debug|Any CPU
		{F4F0BC4C-E601-4B15-9392-7B86EE2A650E}.Release|Any CPU.ActiveCfg = Release|Any CPU
		{F4F0BC4C-E601-4B15-9392-7B86EE2A650E}.Release|Any CPU.Build.0 = Release|Any CPU
		{F4F0BC4C-E601-4B15-9392-7B86EE2A650E}.Release|x64.ActiveCfg = Release|Any CPU
		{F4F0BC4C-E601-4B15-9392-7B86EE2A650E}.Release|x64.Build.0 = Release|Any CPU
		{F4F0BC4C-E601-4B15-9392-7B86EE2A650E}.Release|x86.ActiveCfg = Release|Any CPU
		{F4F0BC4C-E601-4B15-9392-7B86EE2A650E}.Release|x86.Build.0 = Release|Any CPU
		{66454C5C-ED3B-40F1-8CC4-42535D118983}.Debug|Any CPU.ActiveCfg = Debug|Any CPU
		{66454C5C-ED3B-40F1-8CC4-42535D118983}.Debug|Any CPU.Build.0 = Debug|Any CPU
		{66454C5C-ED3B-40F1-8CC4-42535D118983}.Debug|x64.ActiveCfg = Debug|Any CPU
		{66454C5C-ED3B-40F1-8CC4-42535D118983}.Debug|x64.Build.0 = Debug|Any CPU
		{66454C5C-ED3B-40F1-8CC4-42535D118983}.Debug|x86.ActiveCfg = Debug|Any CPU
		{66454C5C-ED3B-40F1-8CC4-42535D118983}.Debug|x86.Build.0 = Debug|Any CPU
		{66454C5C-ED3B-40F1-8CC4-42535D118983}.Release|Any CPU.ActiveCfg = Release|Any CPU
		{66454C5C-ED3B-40F1-8CC4-42535D118983}.Release|Any CPU.Build.0 = Release|Any CPU
		{66454C5C-ED3B-40F1-8CC4-42535D118983}.Release|x64.ActiveCfg = Release|Any CPU
		{66454C5C-ED3B-40F1-8CC4-42535D118983}.Release|x64.Build.0 = Release|Any CPU
		{66454C5C-ED3B-40F1-8CC4-42535D118983}.Release|x86.ActiveCfg = Release|Any CPU
		{66454C5C-ED3B-40F1-8CC4-42535D118983}.Release|x86.Build.0 = Release|Any CPU
		{7DCB2A2C-7157-4841-A302-32D09CFAEDDB}.Debug|Any CPU.ActiveCfg = Debug|Any CPU
		{7DCB2A2C-7157-4841-A302-32D09CFAEDDB}.Debug|Any CPU.Build.0 = Debug|Any CPU
		{7DCB2A2C-7157-4841-A302-32D09CFAEDDB}.Debug|x64.ActiveCfg = Debug|Any CPU
		{7DCB2A2C-7157-4841-A302-32D09CFAEDDB}.Debug|x64.Build.0 = Debug|Any CPU
		{7DCB2A2C-7157-4841-A302-32D09CFAEDDB}.Debug|x86.ActiveCfg = Debug|Any CPU
		{7DCB2A2C-7157-4841-A302-32D09CFAEDDB}.Debug|x86.Build.0 = Debug|Any CPU
		{7DCB2A2C-7157-4841-A302-32D09CFAEDDB}.Release|Any CPU.ActiveCfg = Release|Any CPU
		{7DCB2A2C-7157-4841-A302-32D09CFAEDDB}.Release|Any CPU.Build.0 = Release|Any CPU
		{7DCB2A2C-7157-4841-A302-32D09CFAEDDB}.Release|x64.ActiveCfg = Release|Any CPU
		{7DCB2A2C-7157-4841-A302-32D09CFAEDDB}.Release|x64.Build.0 = Release|Any CPU
		{7DCB2A2C-7157-4841-A302-32D09CFAEDDB}.Release|x86.ActiveCfg = Release|Any CPU
		{7DCB2A2C-7157-4841-A302-32D09CFAEDDB}.Release|x86.Build.0 = Release|Any CPU
		{6A84DD94-43EE-490C-991E-4B9D07CB7C19}.Debug|Any CPU.ActiveCfg = Debug|Any CPU
		{6A84DD94-43EE-490C-991E-4B9D07CB7C19}.Debug|Any CPU.Build.0 = Debug|Any CPU
		{6A84DD94-43EE-490C-991E-4B9D07CB7C19}.Debug|x64.ActiveCfg = Debug|Any CPU
		{6A84DD94-43EE-490C-991E-4B9D07CB7C19}.Debug|x64.Build.0 = Debug|Any CPU
		{6A84DD94-43EE-490C-991E-4B9D07CB7C19}.Debug|x86.ActiveCfg = Debug|Any CPU
		{6A84DD94-43EE-490C-991E-4B9D07CB7C19}.Debug|x86.Build.0 = Debug|Any CPU
		{6A84DD94-43EE-490C-991E-4B9D07CB7C19}.Release|Any CPU.ActiveCfg = Release|Any CPU
		{6A84DD94-43EE-490C-991E-4B9D07CB7C19}.Release|Any CPU.Build.0 = Release|Any CPU
		{6A84DD94-43EE-490C-991E-4B9D07CB7C19}.Release|x64.ActiveCfg = Release|Any CPU
		{6A84DD94-43EE-490C-991E-4B9D07CB7C19}.Release|x64.Build.0 = Release|Any CPU
		{6A84DD94-43EE-490C-991E-4B9D07CB7C19}.Release|x86.ActiveCfg = Release|Any CPU
		{6A84DD94-43EE-490C-991E-4B9D07CB7C19}.Release|x86.Build.0 = Release|Any CPU
	EndGlobalSection
EndGlobal
